
Microsoft Visual Studio Solution File, Format Version 12.00
# Visual Studio Version 16
VisualStudioVersion = 16.0.31624.102
MinimumVisualStudioVersion = 10.0.40219.1
Project("{FAE04EC0-301F-11D3-BF4B-00C04F79EFBC}") = "6Queens", "6Queens\6Queens.csproj", "{0DA7043A-A051-4995-A374-446D6FDE29DC}"
EndProject
Global
	GlobalSection(SolutionConfigurationPlatforms) = preSolution
		Debug|Any CPU = Debug|Any CPU
		Release|Any CPU = Release|Any CPU
	EndGlobalSection
	GlobalSection(ProjectConfigurationPlatforms) = postSolution
		{0DA7043A-A051-4995-A374-446D6FDE29DC}.Debug|Any CPU.ActiveCfg = Debug|Any CPU
		{0DA7043A-A051-4995-A374-446D6FDE29DC}.Debug|Any CPU.Build.0 = Debug|Any CPU
		{0DA7043A-A051-4995-A374-446D6FDE29DC}.Release|Any CPU.ActiveCfg = Release|Any CPU
		{0DA7043A-A051-4995-A374-446D6FDE29DC}.Release|Any CPU.Build.0 = Release|Any CPU
	EndGlobalSection
	GlobalSection(SolutionProperties) = preSolution
		HideSolutionNode = FALSE
	EndGlobalSection
	GlobalSection(ExtensibilityGlobals) = postSolution
		SolutionGuid = {13694E24-355B-4ECE-BD80-3F39E11CAE56}
	EndGlobalSection
EndGlobal
